// !$*UTF8*$!
{
	archiveVersion = 1;
	classes = {
	};
	objectVersion = 50;
	objects = {

/* Begin PBXBuildFile section */
		9C3EE2BD24140B6400415475 /* AppDelegate.swift in Sources */ = {isa = PBXBuildFile; fileRef = 9C3EE2BC24140B6400415475 /* AppDelegate.swift */; };
		9C3EE2BF24140B6400415475 /* SceneDelegate.swift in Sources */ = {isa = PBXBuildFile; fileRef = 9C3EE2BE24140B6400415475 /* SceneDelegate.swift */; };
		9C3EE2C124140B6400415475 /* ViewController.swift in Sources */ = {isa = PBXBuildFile; fileRef = 9C3EE2C024140B6400415475 /* ViewController.swift */; };
		9C3EE2C424140B6400415475 /* Main.storyboard in Resources */ = {isa = PBXBuildFile; fileRef = 9C3EE2C224140B6400415475 /* Main.storyboard */; };
		9C3EE2C624140B7400415475 /* Assets.xcassets in Resources */ = {isa = PBXBuildFile; fileRef = 9C3EE2C524140B7400415475 /* Assets.xcassets */; };
		9C3EE2C924140B7400415475 /* LaunchScreen.storyboard in Resources */ = {isa = PBXBuildFile; fileRef = 9C3EE2C724140B7400415475 /* LaunchScreen.storyboard */; };
/* End PBXBuildFile section */

/* Begin PBXFileReference section */
		9C3EE2B924140B6400415475 /* Awesome.app */ = {isa = PBXFileReference; explicitFileType = wrapper.application; includeInIndex = 0; path = Awesome.app; sourceTree = BUILT_PRODUCTS_DIR; };
		9C3EE2BC24140B6400415475 /* AppDelegate.swift */ = {isa = PBXFileReference; lastKnownFileType = sourcecode.swift; path = AppDelegate.swift; sourceTree = "<group>"; };
		9C3EE2BE24140B6400415475 /* SceneDelegate.swift */ = {isa = PBXFileReference; lastKnownFileType = sourcecode.swift; path = SceneDelegate.swift; sourceTree = "<group>"; };
		9C3EE2C024140B6400415475 /* ViewController.swift */ = {isa = PBXFileReference; lastKnownFileType = sourcecode.swift; path = ViewController.swift; sourceTree = "<group>"; };
		9C3EE2C324140B6400415475 /* Base */ = {isa = PBXFileReference; lastKnownFileType = file.storyboard; name = Base; path = Base.lproj/Main.storyboard; sourceTree = "<group>"; };
		9C3EE2C524140B7400415475 /* Assets.xcassets */ = {isa = PBXFileReference; lastKnownFileType = folder.assetcatalog; path = Assets.xcassets; sourceTree = "<group>"; };
		9C3EE2C824140B7400415475 /* Base */ = {isa = PBXFileReference; lastKnownFileType = file.storyboard; name = Base; path = Base.lproj/LaunchScreen.storyboard; sourceTree = "<group>"; };
		9C3EE2CA24140B7400415475 /* Info.plist */ = {isa = PBXFileReference; lastKnownFileType = text.plist.xml; path = Info.plist; sourceTree = "<group>"; };
/* End PBXFileReference section */

/* Begin PBXFrameworksBuildPhase section */
		9C3EE2B624140B6400415475 /* Frameworks */ = {
			isa = PBXFrameworksBuildPhase;
			buildActionMask = 2147483647;
			files = (
			);
			runOnlyForDeploymentPostprocessing = 0;
		};
/* End PBXFrameworksBuildPhase section */

/* Begin PBXGroup section */
		9C3EE2B024140B6400415475 = {
			isa = PBXGroup;
			children = (
				9C3EE2BB24140B6400415475 /* Awesome */,
				9C3EE2BA24140B6400415475 /* Products */,
			);
			sourceTree = "<group>";
		};
		9C3EE2BA24140B6400415475 /* Products */ = {
			isa = PBXGroup;
			children = (
				9C3EE2B924140B6400415475 /* Awesome.app */,
			);
			name = Products;
			sourceTree = "<group>";
		};
		9C3EE2BB24140B6400415475 /* Awesome */ = {
			isa = PBXGroup;
			children = (
				9C3EE2D324140B9600415475 /* Model */,
				9C3EE2D224140B9100415475 /* View */,
				9C3EE2D124140B8D00415475 /* Controller */,
				9C3EE2D024140B8400415475 /* Supporting files */,
			);
			path = Awesome;
			sourceTree = "<group>";
		};
		9C3EE2D024140B8400415475 /* Supporting files */ = {
			isa = PBXGroup;
			children = (
				9C3EE2BC24140B6400415475 /* AppDelegate.swift */,
				9C3EE2BE24140B6400415475 /* SceneDelegate.swift */,
				9C3EE2C524140B7400415475 /* Assets.xcassets */,
				9C3EE2C724140B7400415475 /* LaunchScreen.storyboard */,
				9C3EE2CA24140B7400415475 /* Info.plist */,
			);
			path = "Supporting files";
			sourceTree = "<group>";
		};
		9C3EE2D124140B8D00415475 /* Controller */ = {
			isa = PBXGroup;
			children = (
				9C3EE2C024140B6400415475 /* ViewController.swift */,
			);
			path = Controller;
			sourceTree = "<group>";
		};
		9C3EE2D224140B9100415475 /* View */ = {
			isa = PBXGroup;
			children = (
				9C3EE2C224140B6400415475 /* Main.storyboard */,
			);
			path = View;
			sourceTree = "<group>";
		};
		9C3EE2D324140B9600415475 /* Model */ = {
			isa = PBXGroup;
			children = (
			);
			name = Model;
			path = "New Group2/Model";
			sourceTree = "<group>";
		};
/* End PBXGroup section */

/* Begin PBXNativeTarget section */
		9C3EE2B824140B6400415475 /* Awesome */ = {
			isa = PBXNativeTarget;
			buildConfigurationList = 9C3EE2CD24140B7400415475 /* Build configuration list for PBXNativeTarget "Awesome" */;
			buildPhases = (
				9C3EE2B524140B6400415475 /* Sources */,
				9C3EE2B624140B6400415475 /* Frameworks */,
				9C3EE2B724140B6400415475 /* Resources */,
			);
			buildRules = (
			);
			dependencies = (
			);
			name = Awesome;
			productName = Awesome;
			productReference = 9C3EE2B924140B6400415475 /* Awesome.app */;
			productType = "com.apple.product-type.application";
		};
/* End PBXNativeTarget section */

/* Begin PBXProject section */
		9C3EE2B124140B6400415475 /* Project object */ = {
			isa = PBXProject;
			attributes = {
				LastSwiftUpdateCheck = 1130;
				LastUpgradeCheck = 1130;
				ORGANIZATIONNAME = Dhackodac;
				TargetAttributes = {
					9C3EE2B824140B6400415475 = {
						CreatedOnToolsVersion = 11.3.1;
					};
				};
			};
			buildConfigurationList = 9C3EE2B424140B6400415475 /* Build configuration list for PBXProject "Awesome" */;
			compatibilityVersion = "Xcode 9.3";
			developmentRegion = en;
			hasScannedForEncodings = 0;
			knownRegions = (
				en,
				Base,
			);
			mainGroup = 9C3EE2B024140B6400415475;
			productRefGroup = 9C3EE2BA24140B6400415475 /* Products */;
			projectDirPath = "";
			projectRoot = "";
			targets = (
				9C3EE2B824140B6400415475 /* Awesome */,
			);
		};
/* End PBXProject section */

/* Begin PBXResourcesBuildPhase section */
		9C3EE2B724140B6400415475 /* Resources */ = {
			isa = PBXResourcesBuildPhase;
			buildActionMask = 2147483647;
			files = (
				9C3EE2C924140B7400415475 /* LaunchScreen.storyboard in Resources */,
				9C3EE2C624140B7400415475 /* Assets.xcassets in Resources */,
				9C3EE2C424140B6400415475 /* Main.storyboard in Resources */,
			);
			runOnlyForDeploymentPostprocessing = 0;
		};
/* End PBXResourcesBuildPhase section */

/* Begin PBXSourcesBuildPhase section */
		9C3EE2B524140B6400415475 /* Sources */ = {
			isa = PBXSourcesBuildPhase;
			buildActionMask = 2147483647;
			files = (
				9C3EE2C124140B6400415475 /* ViewController.swift in Sources */,
				9C3EE2BD24140B6400415475 /* AppDelegate.swift in Sources */,
				9C3EE2BF24140B6400415475 /* SceneDelegate.swift in Sources */,
			);
			runOnlyForDeploymentPostprocessing = 0;
		};
/* End PBXSourcesBuildPhase section */

/* Begin PBXVariantGroup section */
		9C3EE2C224140B6400415475 /* Main.storyboard */ = {
			isa = PBXVariantGroup;
			children = (
				9C3EE2C324140B6400415475 /* Base */,
			);
			name = Main.storyboard;
			sourceTree = "<group>";
		};
		9C3EE2C724140B7400415475 /* LaunchScreen.storyboard */ = {
			isa = PBXVariantGroup;
			children = (
				9C3EE2C824140B7400415475 /* Base */,
			);
			name = LaunchScreen.storyboard;
			sourceTree = "<group>";
		};
/* End PBXVariantGroup section */

/* Begin XCBuildConfiguration section */
		9C3EE2CB24140B7400415475 /* Debug */ = {
			isa = XCBuildConfiguration;
			buildSettings = {
				ALWAYS_SEARCH_USER_PATHS = NO;
				CLANG_ANALYZER_NONNULL = YES;
				CLANG_ANALYZER_NUMBER_OBJECT_CONVERSION = YES_AGGRESSIVE;
				CLANG_CXX_LANGUAGE_STANDARD = "gnu++14";
				CLANG_CXX_LIBRARY = "libc++";
				CLANG_ENABLE_MODULES = YES;
				CLANG_ENABLE_OBJC_ARC = YES;
				CLANG_ENABLE_OBJC_WEAK = YES;
				CLANG_WARN_BLOCK_CAPTURE_AUTORELEASING = YES;
				CLANG_WARN_BOOL_CONVERSION = YES;
				CLANG_WARN_COMMA = YES;
				CLANG_WARN_CONSTANT_CONVERSION = YES;
				CLANG_WARN_DEPRECATED_OBJC_IMPLEMENTATIONS = YES;
				CLANG_WARN_DIRECT_OBJC_ISA_USAGE = YES_ERROR;
				CLANG_WARN_DOCUMENTATION_COMMENTS = YES;
				CLANG_WARN_EMPTY_BODY = YES;
				CLANG_WARN_ENUM_CONVERSION = YES;
				CLANG_WARN_INFINITE_RECURSION = YES;
				CLANG_WARN_INT_CONVERSION = YES;
				CLANG_WARN_NON_LITERAL_NULL_CONVERSION = YES;
				CLANG_WARN_OBJC_IMPLICIT_RETAIN_SELF = YES;
				CLANG_WARN_OBJC_LITERAL_CONVERSION = YES;
				CLANG_WARN_OBJC_ROOT_CLASS = YES_ERROR;
				CLANG_WARN_RANGE_LOOP_ANALYSIS = YES;
				CLANG_WARN_STRICT_PROTOTYPES = YES;
				CLANG_WARN_SUSPICIOUS_MOVE = YES;
				CLANG_WARN_UNGUARDED_AVAILABILITY = YES_AGGRESSIVE;
				CLANG_WARN_UNREACHABLE_CODE = YES;
				CLANG_WARN__DUPLICATE_METHOD_MATCH = YES;
				COPY_PHASE_STRIP = NO;
				DEBUG_INFORMATION_FORMAT = dwarf;
				ENABLE_STRICT_OBJC_MSGSEND = YES;
				ENABLE_TESTABILITY = YES;
				GCC_C_LANGUAGE_STANDARD = gnu11;
				GCC_DYNAMIC_NO_PIC = NO;
				GCC_NO_COMMON_BLOCKS = YES;
				GCC_OPTIMIZATION_LEVEL = 0;
				GCC_PREPROCESSOR_DEFINITIONS = (
					"DEBUG=1",
					"$(inherited)",
				);
				GCC_WARN_64_TO_32_BIT_CONVERSION = YES;
				GCC_WARN_ABOUT_RETURN_TYPE = YES_ERROR;
				GCC_WARN_UNDECLARED_SELECTOR = YES;
				GCC_WARN_UNINITIALIZED_AUTOS = YES_AGGRESSIVE;
				GCC_WARN_UNUSED_FUNCTION = YES;
				GCC_WARN_UNUSED_VARIABLE = YES;
				IPHONEOS_DEPLOYMENT_TARGET = 13.2;
				MTL_ENABLE_DEBUG_INFO = INCLUDE_SOURCE;
				MTL_FAST_MATH = YES;
				ONLY_ACTIVE_ARCH = YES;
				SDKROOT = iphoneos;
				SWIFT_ACTIVE_COMPILATION_CONDITIONS = DEBUG;
				SWIFT_OPTIMIZATION_LEVEL = "-Onone";
				SWIFT_VERSION = 5.0;
			};
			name = Debug;
		};
		9C3EE2CC24140B7400415475 /* Release */ = {
			isa = XCBuildConfiguration;
			buildSettings = {
				ALWAYS_SEARCH_USER_PATHS = NO;
				CLANG_ANALYZER_NONNULL = YES;
				CLANG_ANALYZER_NUMBER_OBJECT_CONVERSION = YES_AGGRESSIVE;
				CLANG_CXX_LANGUAGE_STANDARD = "gnu++14";
				CLANG_CXX_LIBRARY = "libc++";
				CLANG_ENABLE_MODULES = YES;
				CLANG_ENABLE_OBJC_ARC = YES;
				CLANG_ENABLE_OBJC_WEAK = YES;
				CLANG_WARN_BLOCK_CAPTURE_AUTORELEASING = YES;
				CLANG_WARN_BOOL_CONVERSION = YES;
				CLANG_WARN_COMMA = YES;
				CLANG_WARN_CONSTANT_CONVERSION = YES;
				CLANG_WARN_DEPRECATED_OBJC_IMPLEMENTATIONS = YES;
				CLANG_WARN_DIRECT_OBJC_ISA_USAGE = YES_ERROR;
				CLANG_WARN_DOCUMENTATION_COMMENTS = YES;
				CLANG_WARN_EMPTY_BODY = YES;
				CLANG_WARN_ENUM_CONVERSION = YES;
				CLANG_WARN_INFINITE_RECURSION = YES;
				CLANG_WARN_INT_CONVERSION = YES;
				CLANG_WARN_NON_LITERAL_NULL_CONVERSION = YES;
				CLANG_WARN_OBJC_IMPLICIT_RETAIN_SELF = YES;
				CLANG_WARN_OBJC_LITERAL_CONVERSION = YES;
				CLANG_WARN_OBJC_ROOT_CLASS = YES_ERROR;
				CLANG_WARN_RANGE_LOOP_ANALYSIS = YES;
				CLANG_WARN_STRICT_PROTOTYPES = YES;
				CLANG_WARN_SUSPICIOUS_MOVE = YES;
				CLANG_WARN_UNGUARDED_AVAILABILITY = YES_AGGRESSIVE;
				CLANG_WARN_UNREACHABLE_CODE = YES;
				CLANG_WARN__DUPLICATE_METHOD_MATCH = YES;
				COPY_PHASE_STRIP = NO;
				DEBUG_INFORMATION_FORMAT = "dwarf-with-dsym";
				ENABLE_NS_ASSERTIONS = NO;
				ENABLE_STRICT_OBJC_MSGSEND = YES;
				GCC_C_LANGUAGE_STANDARD = gnu11;
				GCC_NO_COMMON_BLOCKS = YES;
				GCC_WARN_64_TO_32_BIT_CONVERSION = YES;
				GCC_WARN_ABOUT_RETURN_TYPE = YES_ERROR;
				GCC_WARN_UNDECLARED_SELECTOR = YES;
				GCC_WARN_UNINITIALIZED_AUTOS = YES_AGGRESSIVE;
				GCC_WARN_UNUSED_FUNCTION = YES;
				GCC_WARN_UNUSED_VARIABLE = YES;
				IPHONEOS_DEPLOYMENT_TARGET = 13.2;
				MTL_ENABLE_DEBUG_INFO = NO;
				MTL_FAST_MATH = YES;
				SDKROOT = iphoneos;
				SWIFT_COMPILATION_MODE = wholemodule;
				SWIFT_OPTIMIZATION_LEVEL = "-O";
				SWIFT_VERSION = 5.0;
				VALIDATE_PRODUCT = YES;
			};
			name = Release;
		};
		9C3EE2CE24140B7400415475 /* Debug */ = {
			isa = XCBuildConfiguration;
			buildSettings = {
				ASSETCATALOG_COMPILER_APPICON_NAME = AppIcon;
				CODE_SIGN_STYLE = Automatic;
				DEVELOPMENT_TEAM = 4YVUQY5XG6;
				INFOPLIST_FILE = "$(SRCROOT)/Awesome/Supporting files/Info.plist";
				LD_RUNPATH_SEARCH_PATHS = (
					"$(inherited)",
					"@executable_path/Frameworks",
				);
				PRODUCT_BUNDLE_IDENTIFIER = com.dhackodac.ios.Awesome;
				PRODUCT_NAME = "$(TARGET_NAME)";
				SWIFT_VERSION = 5.0;
				TARGETED_DEVICE_FAMILY = "1,2";
			};
			name = Debug;
		};
		9C3EE2CF24140B7400415475 /* Release */ = {
			isa = XCBuildConfiguration;
			buildSettings = {
				ASSETCATALOG_COMPILER_APPICON_NAME = AppIcon;
				CODE_SIGN_STYLE = Automatic;
				DEVELOPMENT_TEAM = 4YVUQY5XG6;
				INFOPLIST_FILE = "$(SRCROOT)/Awesome/Supporting files/Info.plist";
				LD_RUNPATH_SEARCH_PATHS = (
					"$(inherited)",
					"@executable_path/Frameworks",
				);
				PRODUCT_BUNDLE_IDENTIFIER = com.dhackodac.ios.Awesome;
				PRODUCT_NAME = "$(TARGET_NAME)";
				SWIFT_VERSION = 5.0;
				TARGETED_DEVICE_FAMILY = "1,2";
			};
			name = Release;
		};
/* End XCBuildConfiguration section */

/* Begin XCConfigurationList section */
		9C3EE2B424140B6400415475 /* Build configuration list for PBXProject "Awesome" */ = {
			isa = XCConfigurationList;
			buildConfigurations = (
				9C3EE2CB24140B7400415475 /* Debug */,
				9C3EE2CC24140B7400415475 /* Release */,
			);
			defaultConfigurationIsVisible = 0;
			defaultConfigurationName = Release;
		};
		9C3EE2CD24140B7400415475 /* Build configuration list for PBXNativeTarget "Awesome" */ = {
			isa = XCConfigurationList;
			buildConfigurations = (
				9C3EE2CE24140B7400415475 /* Debug */,
				9C3EE2CF24140B7400415475 /* Release */,
			);
			defaultConfigurationIsVisible = 0;
			defaultConfigurationName = Release;
		};
/* End XCConfigurationList section */
	};
	rootObject = 9C3EE2B124140B6400415475 /* Project object */;
}
